
Microsoft Visual Studio Solution File, Format Version 12.00
# Visual Studio Version 17
VisualStudioVersion = 17.9.34728.123
MinimumVisualStudioVersion = 10.0.40219.1
Project("{BC532238-1F5E-4528-9778-15F2DD8D66F4}") = "RaidVortex Stealer", "RaidVortex Stealer\RaidVortex Stealer.vcxproj", "{DB5E3696-3CAB-41EF-A876-14C044D5CFFB}"
EndProject
Global
	GlobalSection(SolutionConfigurationPlatforms) = preSolution
		Debug|x64 = Debug|x64
		Debug|x86 = Debug|x86
		Release|x64 = Release|x64
		Release|x86 = Release|x86
	EndGlobalSection
	GlobalSection(ProjectConfigurationPlatforms) = postSolution
		{DB5E3696-3CAB-41EF-A876-14C044D5CFFB}.Debug|x64.ActiveCfg = Debug|x64
		{DB5E3696-3CAB-41EF-A876-14C044D5CFFB}.Debug|x64.Build.0 = Debug|x64
		{DB5E3696-3CAB-41EF-A876-14C044D5CFFB}.Debug|x86.ActiveCfg = Debug|Win32
		{DB5E3696-3CAB-41EF-A876-14C044D5CFFB}.Debug|x86.Build.0 = Debug|Win32
		{DB5E3696-3CAB-41EF-A876-14C044D5CFFB}.Release|x64.ActiveCfg = Release|x64
		{DB5E3696-3CAB-41EF-A876-14C044D5CFFB}.Release|x64.Build.0 = Release|x64
		{DB5E3696-3CAB-41EF-A876-14C044D5CFFB}.Release|x86.ActiveCfg = Release|Win32
		{DB5E3696-3CAB-41EF-A876-14C044D5CFFB}.Release|x86.Build.0 = Release|Win32
	EndGlobalSection
	GlobalSection(SolutionProperties) = preSolution
		HideSolutionNode = FALSE
	EndGlobalSection
	GlobalSection(ExtensibilityGlobals) = postSolution
		SolutionGuid = {68D76213-AA45-4322-98E5-0A4A0DFC6D23}
	EndGlobalSection
EndGlobal







