<?xml version="1.0" encoding="utf-8"?>
<Project ToolsVersion="4.0" xmlns="http://schemas.microsoft.com/developer/msbuild/2003">
  <ItemGroup>
    <Filter Include="Source Files">
      <UniqueIdentifier>{C2CD2A6D-8E41-4BBC-82CC-752051FEBB96}</UniqueIdentifier>
      <Extensions>cpp;c;cc;cxx;c++;cppm;ixx;def;odl;idl;hpj;bat;asm;asmx</Extensions>
    </Filter>
    <Filter Include="Header Files">
      <UniqueIdentifier>{4172A1C7-A529-46E3-B220-797ED05704D9}</UniqueIdentifier>
      <Extensions>h;hh;hpp;hxx;h++;hm;inl;inc;ipp;xsd</Extensions>
    </Filter>
    <Filter Include="Resource Files">
      <UniqueIdentifier>{D77ED4FA-03E0-446C-AAF6-706B1D628B72}</UniqueIdentifier>
      <Extensions>rc;ico;cur;bmp;dlg;rc2;rct;bin;rgs;gif;jpg;jpeg;jpe;resx;tiff;tif;png;wav;mfcribbon-ms</Extensions>
    </Filter>
  </ItemGroup>
  <ItemGroup>
    <ClInclude Include="Context.h">
      <Filter>Header Files</Filter>
    </ClInclude>
    <ClInclude Include="Discord.h">
      <Filter>Header Files</Filter>
    </ClInclude>
    <ClInclude Include="Includes.h">
      <Filter>Header Files</Filter>
    </ClInclude>
    <ClInclude Include="resource.h">
      <Filter>Header Files</Filter>
    </ClInclude>
    <ClInclude Include="Utils\CurlUtils.h">
      <Filter>Header Files</Filter>
    </ClInclude>
    <ClInclude Include="Utils\Logger.h">
      <Filter>Header Files</Filter>
    </ClInclude>
    <ClInclude Include="Utils\Timer.h">
      <Filter>Header Files</Filter>
    </ClInclude>
    <ClInclude Include="Utils\Utils.h">
      <Filter>Header Files</Filter>
    </ClInclude>
    <ClInclude Include="Storage\Config.h">
      <Filter>Header Files</Filter>
    </ClInclude>
    <ClInclude Include="Storage\SecureKV.h">
      <Filter>Header Files</Filter>
    </ClInclude>
    <ClInclude Include="Protection\FileCert.h">
      <Filter>Source Files</Filter>
    </ClInclude>
    <ClInclude Include="Protection\FolderRemover.h">
      <Filter>Source Files</Filter>
    </ClInclude>
    <ClInclude Include="Protection\IntegrityCheck.h">
      <Filter>Source Files</Filter>
    </ClInclude>
    <ClInclude Include="Protection\ProcessProtection.h">
      <Filter>Source Files</Filter>
    </ClInclude>
    <ClInclude Include="Payload Builder\Hook.h">
      <Filter>Source Files</Filter>
    </ClInclude>
    <ClInclude Include="Payload Builder\resource.h">
      <Filter>Source Files</Filter>
    </ClInclude>
    <ClInclude Include="Payload Builder\Server.h">
      <Filter>Source Files</Filter>
    </ClInclude>
    <ClInclude Include="Payload Builder\Utils.h">
      <Filter>Source Files</Filter>
    </ClInclude>
    <ClInclude Include="Network\NetworkManager.h">
      <Filter>Source Files</Filter>
    </ClInclude>
    <ClInclude Include="Menu\Colors.h">
      <Filter>Source Files</Filter>
    </ClInclude>
    <ClInclude Include="Menu\FrameRateLimiter.h">
      <Filter>Source Files</Filter>
    </ClInclude>
    <ClInclude Include="Menu\ImGuiAddon.h">
      <Filter>Source Files</Filter>
    </ClInclude>
    <ClInclude Include="Menu\Menu.h">
      <Filter>Source Files</Filter>
    </ClInclude>
    <ClInclude Include="Crypto\Crypto.h">
      <Filter>Source Files</Filter>
    </ClInclude>
    <ClInclude Include="Crypto\CryptoUtils.h">
      <Filter>Source Files</Filter>
    </ClInclude>
  </ItemGroup>
  <ItemGroup>
    <ClCompile Include="Discord Token Grabber V2.cpp">
      <Filter>Source Files</Filter>
    </ClCompile>
    <ClCompile Include="Discord.cpp">
      <Filter>Source Files</Filter>
    </ClCompile>
    <ClCompile Include="PureRcsGenerator.cpp">
      <Filter>Source Files</Filter>
    </ClCompile>
    <ClCompile Include="Utils\Logger.cpp">
      <Filter>Source Files</Filter>
    </ClCompile>
    <ClCompile Include="Storage\Config.cpp">
      <Filter>Source Files</Filter>
    </ClCompile>
    <ClCompile Include="Storage\SecureKV.cpp">
      <Filter>Source Files</Filter>
    </ClCompile>
    <ClCompile Include="Protection\FileCert.cpp">
      <Filter>Source Files</Filter>
    </ClCompile>
    <ClCompile Include="Protection\FolderRemover.cpp">
      <Filter>Source Files</Filter>
    </ClCompile>
    <ClCompile Include="Protection\IntegrityCheck.cpp">
      <Filter>Source Files</Filter>
    </ClCompile>
    <ClCompile Include="Protection\ProcessProtection.cpp">
      <Filter>Source Files</Filter>
    </ClCompile>
    <ClCompile Include="Payload Builder\dllmain.cpp">
      <Filter>Source Files</Filter>
    </ClCompile>
    <ClCompile Include="Payload Builder\Hook.cpp">
      <Filter>Source Files</Filter>
    </ClCompile>
    <ClCompile Include="Network\NetworkManager.cpp">
      <Filter>Source Files</Filter>
    </ClCompile>
    <ClCompile Include="Menu\ImGuiAddon.cpp">
      <Filter>Source Files</Filter>
    </ClCompile>
    <ClCompile Include="Menu\Menu.cpp">
      <Filter>Source Files</Filter>
    </ClCompile>
    <ClCompile Include="Crypto\Crypto.cpp">
      <Filter>Source Files</Filter>
    </ClCompile>
  </ItemGroup>
  <ItemGroup>
    <None Include="Payload Builder\Source.def">
      <Filter>Source Files</Filter>
    </None>
  </ItemGroup>
</Project>






